
Microsoft Visual Studio Solution File, Format Version 12.00
# Visual Studio Version 17
VisualStudioVersion = 17.5.002.0
MinimumVisualStudioVersion = 10.0.40219.1
Project("{9A19103F-16F7-4668-BE54-9A1E7A4F7556}") = "CapstoneTesting", "CapstoneTesting.csproj", "{8E9FCFC0-762F-463F-94FB-6130B4FE39D0}"
EndProject
Global
	GlobalSection(SolutionConfigurationPlatforms) = preSolution
		Debug|Any CPU = Debug|Any CPU
		Release|Any CPU = Release|Any CPU
	EndGlobalSection
	GlobalSection(ProjectConfigurationPlatforms) = postSolution
		{8E9FCFC0-762F-463F-94FB-6130B4FE39D0}.Debug|Any CPU.ActiveCfg = Debug|Any CPU
		{8E9FCFC0-762F-463F-94FB-6130B4FE39D0}.Debug|Any CPU.Build.0 = Debug|Any CPU
		{8E9FCFC0-762F-463F-94FB-6130B4FE39D0}.Release|Any CPU.ActiveCfg = Release|Any CPU
		{8E9FCFC0-762F-463F-94FB-6130B4FE39D0}.Release|Any CPU.Build.0 = Release|Any CPU
	EndGlobalSection
	GlobalSection(SolutionProperties) = preSolution
		HideSolutionNode = FALSE
	EndGlobalSection
	GlobalSection(ExtensibilityGlobals) = postSolution
		SolutionGuid = {3CBCD7FA-9FF3-46EF-8695-5987746FEE5A}
	EndGlobalSection
EndGlobal
